
Microsoft Visual Studio Solution File, Format Version 12.00
# Visual Studio Version 17
VisualStudioVersion = 17.14.36202.13 d17.14
MinimumVisualStudioVersion = 10.0.40219.1
Project("{FAE04EC0-301F-11D3-BF4B-00C04F79EFBC}") = "NZWalksAPI", "NZWalksAPI\NZWalksAPI.csproj", "{1959E82B-1905-4992-A9D6-3603B98BCEE5}"
EndProject
Global
	GlobalSection(SolutionConfigurationPlatforms) = preSolution
		Debug|Any CPU = Debug|Any CPU
		Release|Any CPU = Release|Any CPU
	EndGlobalSection
	GlobalSection(ProjectConfigurationPlatforms) = postSolution
		{1959E82B-1905-4992-A9D6-3603B98BCEE5}.Debug|Any CPU.ActiveCfg = Debug|Any CPU
		{1959E82B-1905-4992-A9D6-3603B98BCEE5}.Debug|Any CPU.Build.0 = Debug|Any CPU
		{1959E82B-1905-4992-A9D6-3603B98BCEE5}.Release|Any CPU.ActiveCfg = Release|Any CPU
		{1959E82B-1905-4992-A9D6-3603B98BCEE5}.Release|Any CPU.Build.0 = Release|Any CPU
	EndGlobalSection
	GlobalSection(SolutionProperties) = preSolution
		HideSolutionNode = FALSE
	EndGlobalSection
	GlobalSection(ExtensibilityGlobals) = postSolution
		SolutionGuid = {A8E1A62E-066D-42C5-B0E0-972615A6663A}
	EndGlobalSection
EndGlobal
